
Microsoft Visual Studio Solution File, Format Version 12.00
# Visual Studio Version 16
VisualStudioVersion = 16.0.30503.244
MinimumVisualStudioVersion = 10.0.40219.1
Project("{FAE04EC0-301F-11D3-BF4B-00C04F79EFBC}") = "ACTIVITY_2", "ACTIVITY_2\ACTIVITY_2.csproj", "{D9A4B436-59CA-43EF-A599-DAC387439E8C}"
EndProject
Global
	GlobalSection(SolutionConfigurationPlatforms) = preSolution
		Debug|Any CPU = Debug|Any CPU
		Release|Any CPU = Release|Any CPU
	EndGlobalSection
	GlobalSection(ProjectConfigurationPlatforms) = postSolution
		{D9A4B436-59CA-43EF-A599-DAC387439E8C}.Debug|Any CPU.ActiveCfg = Debug|Any CPU
		{D9A4B436-59CA-43EF-A599-DAC387439E8C}.Debug|Any CPU.Build.0 = Debug|Any CPU
		{D9A4B436-59CA-43EF-A599-DAC387439E8C}.Release|Any CPU.ActiveCfg = Release|Any CPU
		{D9A4B436-59CA-43EF-A599-DAC387439E8C}.Release|Any CPU.Build.0 = Release|Any CPU
	EndGlobalSection
	GlobalSection(SolutionProperties) = preSolution
		HideSolutionNode = FALSE
	EndGlobalSection
	GlobalSection(ExtensibilityGlobals) = postSolution
		SolutionGuid = {C6CE505B-9858-438A-B23F-56EB8520FD25}
	EndGlobalSection
EndGlobal
